schema: '2.0'
stages:
  data_ingestion:
    cmd: python src/data_ingestion.py
    deps:
    - path: src/data_ingestion.py
      hash: md5
      md5: 1c169a909e4e41ed3fdb3d67f9a7f284
      size: 2339
    params:
      params.yaml:
        data_ingestion.test_size: 0.2
    outs:
    - path: data/raw
      hash: md5
      md5: fb326d2eec197669f9638afde28356bf.dir
      size: 827973
      nfiles: 2
  data_preprocessing:
    cmd: python src/data_preprocessing.py
    deps:
    - path: data/raw
      hash: md5
      md5: fb326d2eec197669f9638afde28356bf.dir
      size: 827973
      nfiles: 2
    - path: src/data_preprocessing.py
      hash: md5
      md5: 6c8a84e21e55bfaf497c547eba4b702a
      size: 3527
    outs:
    - path: data/processed
      hash: md5
      md5: 5b23b27aca2af4b313d3d3ce868af128.dir
      size: 551976
      nfiles: 2
  model_training:
    cmd: python src/feature_engineering.py
    deps:
    - path: data/processed
      hash: md5
      md5: 1f687499beb1323f382bbe081e02be3d.dir
      size: 601628
      nfiles: 2
    - path: src/feature_engineering.py
      hash: md5
      md5: 0db2db33437ecfc9fd17b76bd6d677f9
      size: 2319
    outs:
    - path: data/features
      hash: md5
      md5: 53d24818ca8a47b0fdf78c5a641868a2.dir
      size: 10408918
      nfiles: 2
  feature_engineering:
    cmd: python src/feature_engineering.py
    deps:
    - path: data/processed
      hash: md5
      md5: 5b23b27aca2af4b313d3d3ce868af128.dir
      size: 551976
      nfiles: 2
    - path: src/feature_engineering.py
      hash: md5
      md5: 6cce6b51515e99354cab004d050d7dc5
      size: 4502
    params:
      params.yaml:
        feature_engineering.max_features: 500
    outs:
    - path: data/features
      hash: md5
      md5: 53d24818ca8a47b0fdf78c5a641868a2.dir
      size: 10408918
      nfiles: 2
  model_building:
    cmd: python src/model_building.py
    deps:
    - path: data/features
      hash: md5
      md5: 53d24818ca8a47b0fdf78c5a641868a2.dir
      size: 10408918
      nfiles: 2
    - path: src/model_building.py
      hash: md5
      md5: 4541f7a1c51b6f47479b63bf11cbc157
      size: 2626
    params:
      params.yaml:
        model_building.learning_rate: 0.1
        model_building.n_estimators: 100
    outs:
    - path: model.pkl
      hash: md5
      md5: f2fb22c2cad0017a429a3a3ae442b3f5
      size: 131676
  evaluation:
    cmd: python src/evaluation.py
    deps:
    - path: model.pkl
      hash: md5
      md5: f2fb22c2cad0017a429a3a3ae442b3f5
      size: 131676
    - path: src/evaluation.py
      hash: md5
      md5: 04b830fb3de773b39ebcb4c53b4dc7e5
      size: 2868
    outs:
    - path: metrics.json
      hash: md5
      md5: 889cd863c20d9ffd35ce989b89ffd0e1
      size: 149
